
Microsoft Visual Studio Solution File, Format Version 12.00
# Visual Studio Version 17
VisualStudioVersion = 17.14.37012.4 d17.14
MinimumVisualStudioVersion = 10.0.40219.1
Project("{FAE04EC0-301F-11D3-BF4B-00C04F79EFBC}") = "MotiveAI.Lambda", "MotiveAI.Lambda.csproj", "{DB953BA4-F362-52A8-9E0D-5E510F660F58}"
EndProject
Global
	GlobalSection(SolutionConfigurationPlatforms) = preSolution
		Debug|Any CPU = Debug|Any CPU
		Release|Any CPU = Release|Any CPU
	EndGlobalSection
	GlobalSection(ProjectConfigurationPlatforms) = postSolution
		{DB953BA4-F362-52A8-9E0D-5E510F660F58}.Debug|Any CPU.ActiveCfg = Debug|Any CPU
		{DB953BA4-F362-52A8-9E0D-5E510F660F58}.Debug|Any CPU.Build.0 = Debug|Any CPU
		{DB953BA4-F362-52A8-9E0D-5E510F660F58}.Release|Any CPU.ActiveCfg = Release|Any CPU
		{DB953BA4-F362-52A8-9E0D-5E510F660F58}.Release|Any CPU.Build.0 = Release|Any CPU
	EndGlobalSection
	GlobalSection(SolutionProperties) = preSolution
		HideSolutionNode = FALSE
	EndGlobalSection
	GlobalSection(ExtensibilityGlobals) = postSolution
		SolutionGuid = {10BF8B00-71D3-4B6B-9C3B-BBE6717E8CA2}
	EndGlobalSection
EndGlobal
